
Microsoft Visual Studio Solution File, Format Version 12.00
# Visual Studio 14
VisualStudioVersion = 14.0.25420.1
MinimumVisualStudioVersion = 10.0.40219.1
Project("{2150E333-8FDC-42A3-9474-1A3956D46DE8}") = "src", "src", "{510C8333-D2E9-4D0A-AAC9-A12447557DAE}"
EndProject
Project("{2150E333-8FDC-42A3-9474-1A3956D46DE8}") = "Solution Items", "Solution Items", "{681B6387-BD18-4E63-865D-8B9BC9F347C0}"
	ProjectSection(SolutionItems) = preProject
		global.json = global.json
	EndProjectSection
EndProject
Project("{8BB2217D-0F2D-49D1-97BC-3654ED321F3B}") = "myHelloWorldVSCoreLambda", "src\myHelloWorldVSCoreLambda\myHelloWorldVSCoreLambda.xproj", "{667B39CE-7EA0-4A74-BC47-D623D277FF44}"
EndProject
Global
	GlobalSection(SolutionConfigurationPlatforms) = preSolution
		Debug|Any CPU = Debug|Any CPU
		Release|Any CPU = Release|Any CPU
	EndGlobalSection
	GlobalSection(ProjectConfigurationPlatforms) = postSolution
		{667B39CE-7EA0-4A74-BC47-D623D277FF44}.Debug|Any CPU.ActiveCfg = Debug|Any CPU
		{667B39CE-7EA0-4A74-BC47-D623D277FF44}.Debug|Any CPU.Build.0 = Debug|Any CPU
		{667B39CE-7EA0-4A74-BC47-D623D277FF44}.Release|Any CPU.ActiveCfg = Release|Any CPU
		{667B39CE-7EA0-4A74-BC47-D623D277FF44}.Release|Any CPU.Build.0 = Release|Any CPU
	EndGlobalSection
	GlobalSection(SolutionProperties) = preSolution
		HideSolutionNode = FALSE
	EndGlobalSection
	GlobalSection(NestedProjects) = preSolution
		{667B39CE-7EA0-4A74-BC47-D623D277FF44} = {510C8333-D2E9-4D0A-AAC9-A12447557DAE}
	EndGlobalSection
EndGlobal
